
Microsoft Visual Studio Solution File, Format Version 12.00
# Visual Studio 2012
Project("{FAE04EC0-301F-11D3-BF4B-00C04F79EFBC}") = "gunBuilder", "gunBuilder\gunBuilder.csproj", "{1E8F6602-C7D2-4E61-BA91-2DDEAE18B500}"
EndProject
Project("{FAE04EC0-301F-11D3-BF4B-00C04F79EFBC}") = "serializer", "serializer\serializer.csproj", "{7B96F3F7-ABC2-4957-8559-B28DC72AC4EC}"
EndProject
Global
	GlobalSection(SolutionConfigurationPlatforms) = preSolution
		Debug|Any CPU = Debug|Any CPU
		Release|Any CPU = Release|Any CPU
	EndGlobalSection
	GlobalSection(ProjectConfigurationPlatforms) = postSolution
		{1E8F6602-C7D2-4E61-BA91-2DDEAE18B500}.Debug|Any CPU.ActiveCfg = Debug|Any CPU
		{1E8F6602-C7D2-4E61-BA91-2DDEAE18B500}.Debug|Any CPU.Build.0 = Debug|Any CPU
		{1E8F6602-C7D2-4E61-BA91-2DDEAE18B500}.Release|Any CPU.ActiveCfg = Release|Any CPU
		{1E8F6602-C7D2-4E61-BA91-2DDEAE18B500}.Release|Any CPU.Build.0 = Release|Any CPU
		{7B96F3F7-ABC2-4957-8559-B28DC72AC4EC}.Debug|Any CPU.ActiveCfg = Debug|Any CPU
		{7B96F3F7-ABC2-4957-8559-B28DC72AC4EC}.Debug|Any CPU.Build.0 = Debug|Any CPU
		{7B96F3F7-ABC2-4957-8559-B28DC72AC4EC}.Release|Any CPU.ActiveCfg = Release|Any CPU
		{7B96F3F7-ABC2-4957-8559-B28DC72AC4EC}.Release|Any CPU.Build.0 = Release|Any CPU
	EndGlobalSection
	GlobalSection(SolutionProperties) = preSolution
		HideSolutionNode = FALSE
	EndGlobalSection
EndGlobal
